
Microsoft Visual Studio Solution File, Format Version 11.00
# Visual Studio 2010
Project("{8BC9CEB8-8B4A-11D0-8D11-00A0C91BC942}") = "VerticalScope", "VerticalScope\VerticalScope.vcxproj", "{B19432AE-9C3C-478C-8ABE-98EF98BEC73B}"
EndProject
Global
	GlobalSection(SolutionConfigurationPlatforms) = preSolution
		Debug|Win32 = Debug|Win32
		Release|Win32 = Release|Win32
	EndGlobalSection
	GlobalSection(ProjectConfigurationPlatforms) = postSolution
		{B19432AE-9C3C-478C-8ABE-98EF98BEC73B}.Debug|Win32.ActiveCfg = Debug|Win32
		{B19432AE-9C3C-478C-8ABE-98EF98BEC73B}.Debug|Win32.Build.0 = Debug|Win32
		{B19432AE-9C3C-478C-8ABE-98EF98BEC73B}.Release|Win32.ActiveCfg = Release|Win32
		{B19432AE-9C3C-478C-8ABE-98EF98BEC73B}.Release|Win32.Build.0 = Release|Win32
	EndGlobalSection
	GlobalSection(SolutionProperties) = preSolution
		HideSolutionNode = FALSE
	EndGlobalSection
EndGlobal
